# This file is automatically @generated by Cargo.
# It is not intended for manual editing.
version = 4

[[package]]
name = "dominion-engine"
version = "0.1.0"

[[package]]
name = "dominion-search"
version = "0.1.0"
dependencies = [
 "dominion-engine",
]

[[package]]
name = "dominion-sim"
version = "0.1.0"
dependencies = [
 "dominion-engine",
]

[[package]]
name = "dominion-wasm"
version = "0.1.0"
dependencies = [
 "dominion-engine",
]
